
Microsoft Visual Studio Solution File, Format Version 12.00
# Visual Studio 14
VisualStudioVersion = 14.0.23107.0
MinimumVisualStudioVersion = 10.0.40219.1
Project("{FAE04EC0-301F-11D3-BF4B-00C04F79EFBC}") = "BeefBodyWeightSummaryPigUDF", "BeefBodyWeightSummaryPigUDF\BeefBodyWeightSummaryPigUDF.csproj", "{310E20B9-CF8D-4608-B1FB-5F50AC31FB7A}"
EndProject
Project("{FAE04EC0-301F-11D3-BF4B-00C04F79EFBC}") = "BeefBodyWeightDetailPigUDF", "BeefBodyWeightDetailPigUDF\BeefBodyWeightDetailPigUDF.csproj", "{DC832994-B44F-4110-B3B1-ACBE70B33325}"
EndProject
Project("{FAE04EC0-301F-11D3-BF4B-00C04F79EFBC}") = "BasicTest", "BasicTest\BasicTest.csproj", "{FEB0776D-22DB-4548-BF64-E70D896808B0}"
EndProject
Global
	GlobalSection(SolutionConfigurationPlatforms) = preSolution
		Debug|Any CPU = Debug|Any CPU
		Release|Any CPU = Release|Any CPU
	EndGlobalSection
	GlobalSection(ProjectConfigurationPlatforms) = postSolution
		{310E20B9-CF8D-4608-B1FB-5F50AC31FB7A}.Debug|Any CPU.ActiveCfg = Debug|Any CPU
		{310E20B9-CF8D-4608-B1FB-5F50AC31FB7A}.Debug|Any CPU.Build.0 = Debug|Any CPU
		{310E20B9-CF8D-4608-B1FB-5F50AC31FB7A}.Release|Any CPU.ActiveCfg = Release|Any CPU
		{310E20B9-CF8D-4608-B1FB-5F50AC31FB7A}.Release|Any CPU.Build.0 = Release|Any CPU
		{DC832994-B44F-4110-B3B1-ACBE70B33325}.Debug|Any CPU.ActiveCfg = Debug|Any CPU
		{DC832994-B44F-4110-B3B1-ACBE70B33325}.Debug|Any CPU.Build.0 = Debug|Any CPU
		{DC832994-B44F-4110-B3B1-ACBE70B33325}.Release|Any CPU.ActiveCfg = Release|Any CPU
		{DC832994-B44F-4110-B3B1-ACBE70B33325}.Release|Any CPU.Build.0 = Release|Any CPU
		{FEB0776D-22DB-4548-BF64-E70D896808B0}.Debug|Any CPU.ActiveCfg = Debug|Any CPU
		{FEB0776D-22DB-4548-BF64-E70D896808B0}.Debug|Any CPU.Build.0 = Debug|Any CPU
		{FEB0776D-22DB-4548-BF64-E70D896808B0}.Release|Any CPU.ActiveCfg = Release|Any CPU
		{FEB0776D-22DB-4548-BF64-E70D896808B0}.Release|Any CPU.Build.0 = Release|Any CPU
	EndGlobalSection
	GlobalSection(SolutionProperties) = preSolution
		HideSolutionNode = FALSE
	EndGlobalSection
EndGlobal
